
Microsoft Visual Studio Solution File, Format Version 12.00
# Visual Studio Version 17
VisualStudioVersion = 17.10.34928.147
MinimumVisualStudioVersion = 10.0.40219.1
Project("{FAE04EC0-301F-11D3-BF4B-00C04F79EFBC}") = "ElenaZYa_CatApplication", "ClassesLibrary\ElenaZYa_CatApplication.csproj", "{B48E7516-A515-465E-87A4-5FA15F1D93C5}"
EndProject
Project("{FAE04EC0-301F-11D3-BF4B-00C04F79EFBC}") = "ElenaZYa_CatFramework", "ElenaZYa_CatFramework\ElenaZYa_CatFramework.csproj", "{B5DE6C4A-C6CE-4ACF-972A-3706AFF6594F}"
EndProject
Global
	GlobalSection(SolutionConfigurationPlatforms) = preSolution
		Debug|Any CPU = Debug|Any CPU
		Release|Any CPU = Release|Any CPU
	EndGlobalSection
	GlobalSection(ProjectConfigurationPlatforms) = postSolution
		{B48E7516-A515-465E-87A4-5FA15F1D93C5}.Debug|Any CPU.ActiveCfg = Debug|Any CPU
		{B48E7516-A515-465E-87A4-5FA15F1D93C5}.Debug|Any CPU.Build.0 = Debug|Any CPU
		{B48E7516-A515-465E-87A4-5FA15F1D93C5}.Release|Any CPU.ActiveCfg = Release|Any CPU
		{B48E7516-A515-465E-87A4-5FA15F1D93C5}.Release|Any CPU.Build.0 = Release|Any CPU
		{B5DE6C4A-C6CE-4ACF-972A-3706AFF6594F}.Debug|Any CPU.ActiveCfg = Debug|Any CPU
		{B5DE6C4A-C6CE-4ACF-972A-3706AFF6594F}.Debug|Any CPU.Build.0 = Debug|Any CPU
		{B5DE6C4A-C6CE-4ACF-972A-3706AFF6594F}.Release|Any CPU.ActiveCfg = Release|Any CPU
		{B5DE6C4A-C6CE-4ACF-972A-3706AFF6594F}.Release|Any CPU.Build.0 = Release|Any CPU
	EndGlobalSection
	GlobalSection(SolutionProperties) = preSolution
		HideSolutionNode = FALSE
	EndGlobalSection
	GlobalSection(ExtensibilityGlobals) = postSolution
		SolutionGuid = {FE04A021-7E9B-4D4C-91A3-27EF913CEC3B}
	EndGlobalSection
EndGlobal
